
Microsoft Visual Studio Solution File, Format Version 12.00
# Visual Studio Version 17
VisualStudioVersion = 17.5.33516.290
MinimumVisualStudioVersion = 10.0.40219.1
Project("{9A19103F-16F7-4668-BE54-9A1E7A4F7556}") = "WorkProject.Models", "WorkProject.Models\WorkProject.Models.csproj", "{189E5C90-6BB1-410F-A736-0AF57443EA87}"
EndProject
Project("{FAE04EC0-301F-11D3-BF4B-00C04F79EFBC}") = "WorkProject.FormApps", "WorkProject.FormApps\WorkProject.FormApps.csproj", "{1BF4288F-A44C-4AC2-98FB-9E51A34C33C6}"
EndProject
Global
	GlobalSection(SolutionConfigurationPlatforms) = preSolution
		Debug|Any CPU = Debug|Any CPU
		Release|Any CPU = Release|Any CPU
	EndGlobalSection
	GlobalSection(ProjectConfigurationPlatforms) = postSolution
		{189E5C90-6BB1-410F-A736-0AF57443EA87}.Debug|Any CPU.ActiveCfg = Debug|Any CPU
		{189E5C90-6BB1-410F-A736-0AF57443EA87}.Debug|Any CPU.Build.0 = Debug|Any CPU
		{189E5C90-6BB1-410F-A736-0AF57443EA87}.Release|Any CPU.ActiveCfg = Release|Any CPU
		{189E5C90-6BB1-410F-A736-0AF57443EA87}.Release|Any CPU.Build.0 = Release|Any CPU
		{1BF4288F-A44C-4AC2-98FB-9E51A34C33C6}.Debug|Any CPU.ActiveCfg = Debug|Any CPU
		{1BF4288F-A44C-4AC2-98FB-9E51A34C33C6}.Debug|Any CPU.Build.0 = Debug|Any CPU
		{1BF4288F-A44C-4AC2-98FB-9E51A34C33C6}.Release|Any CPU.ActiveCfg = Release|Any CPU
		{1BF4288F-A44C-4AC2-98FB-9E51A34C33C6}.Release|Any CPU.Build.0 = Release|Any CPU
	EndGlobalSection
	GlobalSection(SolutionProperties) = preSolution
		HideSolutionNode = FALSE
	EndGlobalSection
	GlobalSection(ExtensibilityGlobals) = postSolution
		SolutionGuid = {E310860A-C295-4B77-AF5D-E4E416AD3DD3}
	EndGlobalSection
EndGlobal
